PODS:
  - GGMainSliderViewController (0.1.0)

DEPENDENCIES:
  - GGMainSliderViewController (from `../`)

EXTERNAL SOURCES:
  GGMainSliderViewController:
    :path: "../"

SPEC CHECKSUMS:
  GGMainSliderViewController: 0b46486ed5a378ad1480b5d37c3853c46499f883

PODFILE CHECKSUM: 5fcaa8accc9c5b648af4472c1947096844026591

COCOAPODS: 1.7.4
